<?xml version="1.0" encoding="utf-8"?>
<Project ToolsVersion="4.0" xmlns="http://schemas.microsoft.com/developer/msbuild/2003">
  <ItemGroup>
    <Filter Include="Fichiers sources">
      <UniqueIdentifier>{4FC737F1-C7A5-4376-A066-2A32D752A2FF}</UniqueIdentifier>
      <Extensions>cpp;c;cc;cxx;c++;cppm;ixx;def;odl;idl;hpj;bat;asm;asmx</Extensions>
    </Filter>
    <Filter Include="Fichiers d%27en-tête">
      <UniqueIdentifier>{93995380-89BD-4b04-88EB-625FBE52EBFB}</UniqueIdentifier>
      <Extensions>h;hh;hpp;hxx;h++;hm;inl;inc;ipp;xsd</Extensions>
    </Filter>
    <Filter Include="Fichiers de ressources">
      <UniqueIdentifier>{67DA6AB6-F800-4c08-8B7A-83BB121AAD01}</UniqueIdentifier>
      <Extensions>rc;ico;cur;bmp;dlg;rc2;rct;bin;rgs;gif;jpg;jpeg;jpe;resx;tiff;tif;png;wav;mfcribbon-ms</Extensions>
    </Filter>
    <Filter Include="Fichiers d%27en-tête\entities">
      <UniqueIdentifier>{5880556c-737f-4e9c-968f-4ae2a804810a}</UniqueIdentifier>
    </Filter>
    <Filter Include="Fichiers sources\entities">
      <UniqueIdentifier>{f860c629-7af7-462a-a24d-a694fb4a1426}</UniqueIdentifier>
    </Filter>
    <Filter Include="Fichiers d%27en-tête\components">
      <UniqueIdentifier>{d581e732-ebb5-43ec-83d3-87207145896b}</UniqueIdentifier>
    </Filter>
    <Filter Include="Fichiers sources\components">
      <UniqueIdentifier>{a28f2ee1-82f3-4862-98cf-04dbe6e0bc22}</UniqueIdentifier>
    </Filter>
    <Filter Include="Fichiers d%27en-tête\systems">
      <UniqueIdentifier>{f3e77550-2c41-4999-95e4-bb4c83673cc9}</UniqueIdentifier>
    </Filter>
    <Filter Include="Fichiers sources\systems">
      <UniqueIdentifier>{cc38b948-f480-46dd-99b0-e459a6f27704}</UniqueIdentifier>
    </Filter>
    <Filter Include="Fichiers d%27en-tête\jobs">
      <UniqueIdentifier>{8ef030fc-5cb6-4fe3-b9e0-68d89c5ccede}</UniqueIdentifier>
    </Filter>
    <Filter Include="Fichiers sources\jobs">
      <UniqueIdentifier>{abb7d1a9-79d7-4cbd-8288-a504ef674e29}</UniqueIdentifier>
    </Filter>
    <Filter Include="Fichiers sources\world">
      <UniqueIdentifier>{97aa1ad2-8c59-49fd-81f4-98a173905cc8}</UniqueIdentifier>
    </Filter>
    <Filter Include="Fichiers d%27en-tête\world">
      <UniqueIdentifier>{66898ca7-1cf0-48cf-a684-135f28a0ef9a}</UniqueIdentifier>
    </Filter>
  </ItemGroup>
  <ItemGroup>
    <ClInclude Include="include\entities\Entity.hpp">
      <Filter>Fichiers d%27en-tête\entities</Filter>
    </ClInclude>
    <ClInclude Include="include\entities\EntityFactory.hpp">
      <Filter>Fichiers d%27en-tête\entities</Filter>
    </ClInclude>
    <ClInclude Include="resource.h">
      <Filter>Fichiers d%27en-tête</Filter>
    </ClInclude>
    <ClInclude Include="include\systems\System.hpp">
      <Filter>Fichiers d%27en-tête\systems</Filter>
    </ClInclude>
    <ClInclude Include="include\systems\SystemProcessing.hpp">
      <Filter>Fichiers d%27en-tête\systems</Filter>
    </ClInclude>
    <ClInclude Include="include\components\Component.hpp">
      <Filter>Fichiers d%27en-tête\components</Filter>
    </ClInclude>
    <ClInclude Include="include\components\ComponentData.hpp">
      <Filter>Fichiers d%27en-tête\components</Filter>
    </ClInclude>
    <ClInclude Include="include\components\ComponentFactory.hpp">
      <Filter>Fichiers d%27en-tête\components</Filter>
    </ClInclude>
    <ClInclude Include="include\jobs\Job.hpp">
      <Filter>Fichiers d%27en-tête\jobs</Filter>
    </ClInclude>
    <ClInclude Include="include\jobs\ThreadJob.hpp">
      <Filter>Fichiers d%27en-tête\jobs</Filter>
    </ClInclude>
    <ClInclude Include="include\jobs\JobSynchronization.hpp">
      <Filter>Fichiers d%27en-tête\jobs</Filter>
    </ClInclude>
    <ClInclude Include="include\world\World.hpp">
      <Filter>Fichiers d%27en-tête\world</Filter>
    </ClInclude>
  </ItemGroup>
  <ItemGroup>
    <ResourceCompile Include="BANE.rc">
      <Filter>Fichiers de ressources</Filter>
    </ResourceCompile>
  </ItemGroup>
  <ItemGroup>
    <ClCompile Include="src\entities\Entity.cpp">
      <Filter>Fichiers sources\entities</Filter>
    </ClCompile>
    <ClCompile Include="src\entities\EntityFactory.cpp">
      <Filter>Fichiers sources\entities</Filter>
    </ClCompile>
    <ClCompile Include="src\components\Component.cpp">
      <Filter>Fichiers sources\components</Filter>
    </ClCompile>
    <ClCompile Include="src\components\ComponentFactory.cpp">
      <Filter>Fichiers sources\components</Filter>
    </ClCompile>
    <ClCompile Include="src\systems\System.cpp">
      <Filter>Fichiers sources\systems</Filter>
    </ClCompile>
    <ClCompile Include="src\jobs\Job.cpp">
      <Filter>Fichiers sources\jobs</Filter>
    </ClCompile>
    <ClCompile Include="src\jobs\ThreadJob.cpp">
      <Filter>Fichiers sources\jobs</Filter>
    </ClCompile>
    <ClCompile Include="src\world\World.cpp">
      <Filter>Fichiers sources\world</Filter>
    </ClCompile>
  </ItemGroup>
</Project>